{
  "nodes": {
    "nixpkgs": {
      "locked": {
        "lastModified": 1789546076,
        "narHash": "sha256-zVxLZiSnmaaPLwnhj7pwmqe3axBg/C6nG5JZsJMh2g4=",
        "owner": "NixOS",
        "repo": "nixpkgs",
        "rev": "b1b875982b17dabde9b4a37f3e229e74913e6db3",
        "type": "github"
      },
      "original": {
        "owner": "NixOS",
        "ref": "nixos-unstable",
        "repo": "nixpkgs",
        "type": "github"
      }
    },
    "quill": {
      "flake": false,
      "locked": {
        "lastModified": 1788143022,
        "narHash": "sha256-aZsx5A3aD3ihwGhm1YkVISlrsw/c3Qxs7bLKe1pH9+w=",
        "owner": "soyeb-jim285",
        "repo": "quill",
        "rev": "7af227e897acaaafd3f56980ef9c3b3347aeeba7",
        "type": "github"
      },
      "original": {
        "owner": "soyeb-jim285",
        "repo": "quill",
        "rev": "7af227e897acaaafd3f56980ef9c3b3347aeeba7",
        "type": "github"
      }
    },
    "quill-icons": {
      "flake": false,
      "locked": {
        "lastModified": 1787955508,
        "narHash": "sha256-NFUw1NlCAh48O7rpHyjU33C3DAhhSaGFDjLzi3DKJEk=",
        "owner": "soyeb-jim285",
        "repo": "quill-icons",
        "rev": "69b653672ece8652cfef52c1c228abe9e2c4fce0",
        "type": "github"
      },
      "original": {
        "owner": "soyeb-jim285",
        "repo": "quill-icons",
        "rev": "69b653672ece8652cfef52c1c228abe9e2c4fce0",
        "type": "github"
      }
    },
    "root": {
      "inputs": {
        "nixpkgs": "nixpkgs",
        "quill": "quill",
        "quill-icons": "quill-icons"
      }
    }
  },
  "root": "root",
  "version": 7
}
